// !$*UTF8*$!
{
	archiveVersion = 1;
	classes = {
	};
	objectVersion = 77;
	objects = {

/* Begin PBXContainerItemProxy section */
		2FA7B76E2D79FF610008DFCD /* PBXContainerItemProxy */ = {
			isa = PBXContainerItemProxy;
			containerPortal = 2FA7B74F2D79FF600008DFCD /* Project object */;
			proxyType = 1;
			remoteGlobalIDString = 2FA7B7562D79FF600008DFCD;
			remoteInfo = DragonBall;
		};
		2FA7B7782D79FF610008DFCD /* PBXContainerItemProxy */ = {
			isa = PBXContainerItemProxy;
			containerPortal = 2FA7B74F2D79FF600008DFCD /* Project object */;
			proxyType = 1;
			remoteGlobalIDString = 2FA7B7562D79FF600008DFCD;
			remoteInfo = DragonBall;
		};
/* End PBXContainerItemProxy section */

/* Begin PBXFileReference section */
		2FA7B7572D79FF600008DFCD /* DragonBall.app */ = {isa = PBXFileReference; explicitFileType = wrapper.application; includeInIndex = 0; path = DragonBall.app; sourceTree = BUILT_PRODUCTS_DIR; };
		2FA7B76D2D79FF610008DFCD /* DragonBallTests.xctest */ = {isa = PBXFileReference; explicitFileType = wrapper.cfbundle; includeInIndex = 0; path = DragonBallTests.xctest; sourceTree = BUILT_PRODUCTS_DIR; };
		2FA7B7772D79FF610008DFCD /* DragonBallUITests.xctest */ = {isa = PBXFileReference; explicitFileType = wrapper.cfbundle; includeInIndex = 0; path = DragonBallUITests.xctest; sourceTree = BUILT_PRODUCTS_DIR; };
/* End PBXFileReference section */

/* Begin PBXFileSystemSynchronizedBuildFileExceptionSet section */
		2FA7B77F2D79FF610008DFCD /* Exceptions for "DragonBall" folder in "DragonBall" target */ = {
			isa = PBXFileSystemSynchronizedBuildFileExceptionSet;
			membershipExceptions = (
				Info.plist,
			);
			target = 2FA7B7562D79FF600008DFCD /* DragonBall */;
		};
/* End PBXFileSystemSynchronizedBuildFileExceptionSet section */

/* Begin PBXFileSystemSynchronizedRootGroup section */
		2FA7B7592D79FF600008DFCD /* DragonBall */ = {
			isa = PBXFileSystemSynchronizedRootGroup;
			exceptions = (
				2FA7B77F2D79FF610008DFCD /* Exceptions for "DragonBall" folder in "DragonBall" target */,
			);
			path = DragonBall;
			sourceTree = "<group>";
		};
		2FA7B7702D79FF610008DFCD /* DragonBallTests */ = {
			isa = PBXFileSystemSynchronizedRootGroup;
			path = DragonBallTests;
			sourceTree = "<group>";
		};
		2FA7B77A2D79FF610008DFCD /* DragonBallUITests */ = {
			isa = PBXFileSystemSynchronizedRootGroup;
			path = DragonBallUITests;
			sourceTree = "<group>";
		};
/* End PBXFileSystemSynchronizedRootGroup section */

/* Begin PBXFrameworksBuildPhase section */
		2FA7B7542D79FF600008DFCD /* Frameworks */ = {
			isa = PBXFrameworksBuildPhase;
			buildActionMask = 2147483647;
			files = (
			);
			runOnlyForDeploymentPostprocessing = 0;
		};
		2FA7B76A2D79FF610008DFCD /* Frameworks */ = {
			isa = PBXFrameworksBuildPhase;
			buildActionMask = 2147483647;
			files = (
			);
			runOnlyForDeploymentPostprocessing = 0;
		};
		2FA7B7742D79FF610008DFCD /* Frameworks */ = {
			isa = PBXFrameworksBuildPhase;
			buildActionMask = 2147483647;
			files = (
			);
			runOnlyForDeploymentPostprocessing = 0;
		};
/* End PBXFrameworksBuildPhase section */

/* Begin PBXGroup section */
		2FA7B74E2D79FF600008DFCD = {
			isa = PBXGroup;
			children = (
				2FA7B7592D79FF600008DFCD /* DragonBall */,
				2FA7B7702D79FF610008DFCD /* DragonBallTests */,
				2FA7B77A2D79FF610008DFCD /* DragonBallUITests */,
				2FA7B7582D79FF600008DFCD /* Products */,
			);
			sourceTree = "<group>";
		};
		2FA7B7582D79FF600008DFCD /* Products */ = {
			isa = PBXGroup;
			children = (
				2FA7B7572D79FF600008DFCD /* DragonBall.app */,
				2FA7B76D2D79FF610008DFCD /* DragonBallTests.xctest */,
				2FA7B7772D79FF610008DFCD /* DragonBallUITests.xctest */,
			);
			name = Products;
			sourceTree = "<group>";
		};
/* End PBXGroup section */

/* Begin PBXNativeTarget section */
		2FA7B7562D79FF600008DFCD /* DragonBall */ = {
			isa = PBXNativeTarget;
			buildConfigurationList = 2FA7B7802D79FF610008DFCD /* Build configuration list for PBXNativeTarget "DragonBall" */;
			buildPhases = (
				2FA7B7532D79FF600008DFCD /* Sources */,
				2FA7B7542D79FF600008DFCD /* Frameworks */,
				2FA7B7552D79FF600008DFCD /* Resources */,
			);
			buildRules = (
			);
			dependencies = (
			);
			fileSystemSynchronizedGroups = (
				2FA7B7592D79FF600008DFCD /* DragonBall */,
			);
			name = DragonBall;
			packageProductDependencies = (
			);
			productName = DragonBall;
			productReference = 2FA7B7572D79FF600008DFCD /* DragonBall.app */;
			productType = "com.apple.product-type.application";
		};
		2FA7B76C2D79FF610008DFCD /* DragonBallTests */ = {
			isa = PBXNativeTarget;
			buildConfigurationList = 2FA7B7852D79FF610008DFCD /* Build configuration list for PBXNativeTarget "DragonBallTests" */;
			buildPhases = (
				2FA7B7692D79FF610008DFCD /* Sources */,
				2FA7B76A2D79FF610008DFCD /* Frameworks */,
				2FA7B76B2D79FF610008DFCD /* Resources */,
			);
			buildRules = (
			);
			dependencies = (
				2FA7B76F2D79FF610008DFCD /* PBXTargetDependency */,
			);
			fileSystemSynchronizedGroups = (
				2FA7B7702D79FF610008DFCD /* DragonBallTests */,
			);
			name = DragonBallTests;
			packageProductDependencies = (
			);
			productName = DragonBallTests;
			productReference = 2FA7B76D2D79FF610008DFCD /* DragonBallTests.xctest */;
			productType = "com.apple.product-type.bundle.unit-test";
		};
		2FA7B7762D79FF610008DFCD /* DragonBallUITests */ = {
			isa = PBXNativeTarget;
			buildConfigurationList = 2FA7B7882D79FF610008DFCD /* Build configuration list for PBXNativeTarget "DragonBallUITests" */;
			buildPhases = (
				2FA7B7732D79FF610008DFCD /* Sources */,
				2FA7B7742D79FF610008DFCD /* Frameworks */,
				2FA7B7752D79FF610008DFCD /* Resources */,
			);
			buildRules = (
			);
			dependencies = (
				2FA7B7792D79FF610008DFCD /* PBXTargetDependency */,
			);
			fileSystemSynchronizedGroups = (
				2FA7B77A2D79FF610008DFCD /* DragonBallUITests */,
			);
			name = DragonBallUITests;
			packageProductDependencies = (
			);
			productName = DragonBallUITests;
			productReference = 2FA7B7772D79FF610008DFCD /* DragonBallUITests.xctest */;
			productType = "com.apple.product-type.bundle.ui-testing";
		};
/* End PBXNativeTarget section */

/* Begin PBXProject section */
		2FA7B74F2D79FF600008DFCD /* Project object */ = {
			isa = PBXProject;
			attributes = {
				BuildIndependentTargetsInParallel = 1;
				LastSwiftUpdateCheck = 1620;
				LastUpgradeCheck = 1620;
				TargetAttributes = {
					2FA7B7562D79FF600008DFCD = {
						CreatedOnToolsVersion = 16.2;
					};
					2FA7B76C2D79FF610008DFCD = {
						CreatedOnToolsVersion = 16.2;
						TestTargetID = 2FA7B7562D79FF600008DFCD;
					};
					2FA7B7762D79FF610008DFCD = {
						CreatedOnToolsVersion = 16.2;
						TestTargetID = 2FA7B7562D79FF600008DFCD;
					};
				};
			};
			buildConfigurationList = 2FA7B7522D79FF600008DFCD /* Build configuration list for PBXProject "DragonBall" */;
			developmentRegion = en;
			hasScannedForEncodings = 0;
			knownRegions = (
				en,
				Base,
			);
			mainGroup = 2FA7B74E2D79FF600008DFCD;
			minimizedProjectReferenceProxies = 1;
			preferredProjectObjectVersion = 77;
			productRefGroup = 2FA7B7582D79FF600008DFCD /* Products */;
			projectDirPath = "";
			projectRoot = "";
			targets = (
				2FA7B7562D79FF600008DFCD /* DragonBall */,
				2FA7B76C2D79FF610008DFCD /* DragonBallTests */,
				2FA7B7762D79FF610008DFCD /* DragonBallUITests */,
			);
		};
/* End PBXProject section */

/* Begin PBXResourcesBuildPhase section */
		2FA7B7552D79FF600008DFCD /* Resources */ = {
			isa = PBXResourcesBuildPhase;
			buildActionMask = 2147483647;
			files = (
			);
			runOnlyForDeploymentPostprocessing = 0;
		};
		2FA7B76B2D79FF610008DFCD /* Resources */ = {
			isa = PBXResourcesBuildPhase;
			buildActionMask = 2147483647;
			files = (
			);
			runOnlyForDeploymentPostprocessing = 0;
		};
		2FA7B7752D79FF610008DFCD /* Resources */ = {
			isa = PBXResourcesBuildPhase;
			buildActionMask = 2147483647;
			files = (
			);
			runOnlyForDeploymentPostprocessing = 0;
		};
/* End PBXResourcesBuildPhase section */

/* Begin PBXSourcesBuildPhase section */
		2FA7B7532D79FF600008DFCD /* Sources */ = {
			isa = PBXSourcesBuildPhase;
			buildActionMask = 2147483647;
			files = (
			);
			runOnlyForDeploymentPostprocessing = 0;
		};
		2FA7B7692D79FF610008DFCD /* Sources */ = {
			isa = PBXSourcesBuildPhase;
			buildActionMask = 2147483647;
			files = (
			);
			runOnlyForDeploymentPostprocessing = 0;
		};
		2FA7B7732D79FF610008DFCD /* Sources */ = {
			isa = PBXSourcesBuildPhase;
			buildActionMask = 2147483647;
			files = (
			);
			runOnlyForDeploymentPostprocessing = 0;
		};
/* End PBXSourcesBuildPhase section */

/* Begin PBXTargetDependency section */
		2FA7B76F2D79FF610008DFCD /* PBXTargetDependency */ = {
			isa = PBXTargetDependency;
			target = 2FA7B7562D79FF600008DFCD /* DragonBall */;
			targetProxy = 2FA7B76E2D79FF610008DFCD /* PBXContainerItemProxy */;
		};
		2FA7B7792D79FF610008DFCD /* PBXTargetDependency */ = {
			isa = PBXTargetDependency;
			target = 2FA7B7562D79FF600008DFCD /* DragonBall */;
			targetProxy = 2FA7B7782D79FF610008DFCD /* PBXContainerItemProxy */;
		};
/* End PBXTargetDependency section */

/* Begin XCBuildConfiguration section */
		2FA7B7812D79FF610008DFCD /* Debug */ = {
			isa = XCBuildConfiguration;
			buildSettings = {
				ASSETCATALOG_COMPILER_APPICON_NAME = AppIcon;
				ASSETCATALOG_COMPILER_GLOBAL_ACCENT_COLOR_NAME = AccentColor;
				CODE_SIGN_STYLE = Automatic;
				CURRENT_PROJECT_VERSION = 1;
				DEVELOPMENT_TEAM = YSG55235RZ;
				GENERATE_INFOPLIST_FILE = YES;
				INFOPLIST_FILE = DragonBall/Info.plist;
				INFOPLIST_KEY_UIApplicationSupportsIndirectInputEvents = YES;
				INFOPLIST_KEY_UILaunchStoryboardName = LaunchScreen;
				INFOPLIST_KEY_UISupportedInterfaceOrientations_iPad = "UIInterfaceOrientationPortrait UIInterfaceOrientationPortraitUpsideDown UIInterfaceOrientationLandscapeLeft UIInterfaceOrientationLandscapeRight";
				INFOPLIST_KEY_UISupportedInterfaceOrientations_iPhone = "UIInterfaceOrientationPortrait UIInterfaceOrientationLandscapeLeft UIInterfaceOrientationLandscapeRight";
				LD_RUNPATH_SEARCH_PATHS = (
					"$(inherited)",
					"@executable_path/Frameworks",
				);
				MARKETING_VERSION = 1.0;
				PRODUCT_BUNDLE_IDENTIFIER = Santiagocv.DragonBall;
				PRODUCT_NAME = "$(TARGET_NAME)";
				SWIFT_EMIT_LOC_STRINGS = YES;
				SWIFT_VERSION = 5.0;
				TARGETED_DEVICE_FAMILY = "1,2";
			};
			name = Debug;
		};
		2FA7B7822D79FF610008DFCD /* Release */ = {
			isa = XCBuildConfiguration;
			buildSettings = {
				ASSETCATALOG_COMPILER_APPICON_NAME = AppIcon;
				ASSETCATALOG_COMPILER_GLOBAL_ACCENT_COLOR_NAME = AccentColor;
				CODE_SIGN_STYLE = Automatic;
				CURRENT_PROJECT_VERSION = 1;
				DEVELOPMENT_TEAM = YSG55235RZ;
				GENERATE_INFOPLIST_FILE = YES;
				INFOPLIST_FILE = DragonBall/Info.plist;
				INFOPLIST_KEY_UIApplicationSupportsIndirectInputEvents = YES;
				INFOPLIST_KEY_UILaunchStoryboardName = LaunchScreen;
				INFOPLIST_KEY_UISupportedInterfaceOrientations_iPad = "UIInterfaceOrientationPortrait UIInterfaceOrientationPortraitUpsideDown UIInterfaceOrientationLandscapeLeft UIInterfaceOrientationLandscapeRight";
				INFOPLIST_KEY_UISupportedInterfaceOrientations_iPhone = "UIInterfaceOrientationPortrait UIInterfaceOrientationLandscapeLeft UIInterfaceOrientationLandscapeRight";
				LD_RUNPATH_SEARCH_PATHS = (
					"$(inherited)",
					"@executable_path/Frameworks",
				);
				MARKETING_VERSION = 1.0;
				PRODUCT_BUNDLE_IDENTIFIER = Santiagocv.DragonBall;
				PRODUCT_NAME = "$(TARGET_NAME)";
				SWIFT_EMIT_LOC_STRINGS = YES;
				SWIFT_VERSION = 5.0;
				TARGETED_DEVICE_FAMILY = "1,2";
			};
			name = Release;
		};
		2FA7B7832D79FF610008DFCD /* Debug */ = {
			isa = XCBuildConfiguration;
			buildSettings = {
				ALWAYS_SEARCH_USER_PATHS = NO;
				ASSETCATALOG_COMPILER_GENERATE_SWIFT_ASSET_SYMBOL_EXTENSIONS = YES;
				CLANG_ANALYZER_NONNULL = YES;
				CLANG_ANALYZER_NUMBER_OBJECT_CONVERSION = YES_AGGRESSIVE;
				CLANG_CXX_LANGUAGE_STANDARD = "gnu++20";
				CLANG_ENABLE_MODULES = YES;
				CLANG_ENABLE_OBJC_ARC = YES;
				CLANG_ENABLE_OBJC_WEAK = YES;
				CLANG_WARN_BLOCK_CAPTURE_AUTORELEASING = YES;
				CLANG_WARN_BOOL_CONVERSION = YES;
				CLANG_WARN_COMMA = YES;
				CLANG_WARN_CONSTANT_CONVERSION = YES;
				CLANG_WARN_DEPRECATED_OBJC_IMPLEMENTATIONS = YES;
				CLANG_WARN_DIRECT_OBJC_ISA_USAGE = YES_ERROR;
				CLANG_WARN_DOCUMENTATION_COMMENTS = YES;
				CLANG_WARN_EMPTY_BODY = YES;
				CLANG_WARN_ENUM_CONVERSION = YES;
				CLANG_WARN_INFINITE_RECURSION = YES;
				CLANG_WARN_INT_CONVERSION = YES;
				CLANG_WARN_NON_LITERAL_NULL_CONVERSION = YES;
				CLANG_WARN_OBJC_IMPLICIT_RETAIN_SELF = YES;
				CLANG_WARN_OBJC_LITERAL_CONVERSION = YES;
				CLANG_WARN_OBJC_ROOT_CLASS = YES_ERROR;
				CLANG_WARN_QUOTED_INCLUDE_IN_FRAMEWORK_HEADER = YES;
				CLANG_WARN_RANGE_LOOP_ANALYSIS = YES;
				CLANG_WARN_STRICT_PROTOTYPES = YES;
				CLANG_WARN_SUSPICIOUS_MOVE = YES;
				CLANG_WARN_UNGUARDED_AVAILABILITY = YES_AGGRESSIVE;
				CLANG_WARN_UNREACHABLE_CODE = YES;
				CLANG_WARN__DUPLICATE_METHOD_MATCH = YES;
				COPY_PHASE_STRIP = NO;
				DEBUG_INFORMATION_FORMAT = dwarf;
				ENABLE_STRICT_OBJC_MSGSEND = YES;
				ENABLE_TESTABILITY = YES;
				ENABLE_USER_SCRIPT_SANDBOXING = YES;
				GCC_C_LANGUAGE_STANDARD = gnu17;
				GCC_DYNAMIC_NO_PIC = NO;
				GCC_NO_COMMON_BLOCKS = YES;
				GCC_OPTIMIZATION_LEVEL = 0;
				GCC_PREPROCESSOR_DEFINITIONS = (
					"DEBUG=1",
					"$(inherited)",
				);
				GCC_WARN_64_TO_32_BIT_CONVERSION = YES;
				GCC_WARN_ABOUT_RETURN_TYPE = YES_ERROR;
				GCC_WARN_UNDECLARED_SELECTOR = YES;
				GCC_WARN_UNINITIALIZED_AUTOS = YES_AGGRESSIVE;
				GCC_WARN_UNUSED_FUNCTION = YES;
				GCC_WARN_UNUSED_VARIABLE = YES;
				IPHONEOS_DEPLOYMENT_TARGET = 18.2;
				LOCALIZATION_PREFERS_STRING_CATALOGS = YES;
				MTL_ENABLE_DEBUG_INFO = INCLUDE_SOURCE;
				MTL_FAST_MATH = YES;
				ONLY_ACTIVE_ARCH = YES;
				SDKROOT = iphoneos;
				SWIFT_ACTIVE_COMPILATION_CONDITIONS = "DEBUG $(inherited)";
				SWIFT_OPTIMIZATION_LEVEL = "-Onone";
			};
			name = Debug;
		};
		2FA7B7842D79FF610008DFCD /* Release */ = {
			isa = XCBuildConfiguration;
			buildSettings = {
				ALWAYS_SEARCH_USER_PATHS = NO;
				ASSETCATALOG_COMPILER_GENERATE_SWIFT_ASSET_SYMBOL_EXTENSIONS = YES;
				CLANG_ANALYZER_NONNULL = YES;
				CLANG_ANALYZER_NUMBER_OBJECT_CONVERSION = YES_AGGRESSIVE;
				CLANG_CXX_LANGUAGE_STANDARD = "gnu++20";
				CLANG_ENABLE_MODULES = YES;
				CLANG_ENABLE_OBJC_ARC = YES;
				CLANG_ENABLE_OBJC_WEAK = YES;
				CLANG_WARN_BLOCK_CAPTURE_AUTORELEASING = YES;
				CLANG_WARN_BOOL_CONVERSION = YES;
				CLANG_WARN_COMMA = YES;
				CLANG_WARN_CONSTANT_CONVERSION = YES;
				CLANG_WARN_DEPRECATED_OBJC_IMPLEMENTATIONS = YES;
				CLANG_WARN_DIRECT_OBJC_ISA_USAGE = YES_ERROR;
				CLANG_WARN_DOCUMENTATION_COMMENTS = YES;
				CLANG_WARN_EMPTY_BODY = YES;
				CLANG_WARN_ENUM_CONVERSION = YES;
				CLANG_WARN_INFINITE_RECURSION = YES;
				CLANG_WARN_INT_CONVERSION = YES;
				CLANG_WARN_NON_LITERAL_NULL_CONVERSION = YES;
				CLANG_WARN_OBJC_IMPLICIT_RETAIN_SELF = YES;
				CLANG_WARN_OBJC_LITERAL_CONVERSION = YES;
				CLANG_WARN_OBJC_ROOT_CLASS = YES_ERROR;
				CLANG_WARN_QUOTED_INCLUDE_IN_FRAMEWORK_HEADER = YES;
				CLANG_WARN_RANGE_LOOP_ANALYSIS = YES;
				CLANG_WARN_STRICT_PROTOTYPES = YES;
				CLANG_WARN_SUSPICIOUS_MOVE = YES;
				CLANG_WARN_UNGUARDED_AVAILABILITY = YES_AGGRESSIVE;
				CLANG_WARN_UNREACHABLE_CODE = YES;
				CLANG_WARN__DUPLICATE_METHOD_MATCH = YES;
				COPY_PHASE_STRIP = NO;
				DEBUG_INFORMATION_FORMAT = "dwarf-with-dsym";
				ENABLE_NS_ASSERTIONS = NO;
				ENABLE_STRICT_OBJC_MSGSEND = YES;
				ENABLE_USER_SCRIPT_SANDBOXING = YES;
				GCC_C_LANGUAGE_STANDARD = gnu17;
				GCC_NO_COMMON_BLOCKS = YES;
				GCC_WARN_64_TO_32_BIT_CONVERSION = YES;
				GCC_WARN_ABOUT_RETURN_TYPE = YES_ERROR;
				GCC_WARN_UNDECLARED_SELECTOR = YES;
				GCC_WARN_UNINITIALIZED_AUTOS = YES_AGGRESSIVE;
				GCC_WARN_UNUSED_FUNCTION = YES;
				GCC_WARN_UNUSED_VARIABLE = YES;
				IPHONEOS_DEPLOYMENT_TARGET = 18.2;
				LOCALIZATION_PREFERS_STRING_CATALOGS = YES;
				MTL_ENABLE_DEBUG_INFO = NO;
				MTL_FAST_MATH = YES;
				SDKROOT = iphoneos;
				SWIFT_COMPILATION_MODE = wholemodule;
				VALIDATE_PRODUCT = YES;
			};
			name = Release;
		};
		2FA7B7862D79FF610008DFCD /* Debug */ = {
			isa = XCBuildConfiguration;
			buildSettings = {
				BUNDLE_LOADER = "$(TEST_HOST)";
				CODE_SIGN_STYLE = Automatic;
				CURRENT_PROJECT_VERSION = 1;
				DEVELOPMENT_TEAM = YSG55235RZ;
				GENERATE_INFOPLIST_FILE = YES;
				IPHONEOS_DEPLOYMENT_TARGET = 18.2;
				MARKETING_VERSION = 1.0;
				PRODUCT_BUNDLE_IDENTIFIER = Santiagocv.DragonBallTests;
				PRODUCT_NAME = "$(TARGET_NAME)";
				SWIFT_EMIT_LOC_STRINGS = NO;
				SWIFT_VERSION = 5.0;
				TARGETED_DEVICE_FAMILY = "1,2";
				TEST_HOST = "$(BUILT_PRODUCTS_DIR)/DragonBall.app/$(BUNDLE_EXECUTABLE_FOLDER_PATH)/DragonBall";
			};
			name = Debug;
		};
		2FA7B7872D79FF610008DFCD /* Release */ = {
			isa = XCBuildConfiguration;
			buildSettings = {
				BUNDLE_LOADER = "$(TEST_HOST)";
				CODE_SIGN_STYLE = Automatic;
				CURRENT_PROJECT_VERSION = 1;
				DEVELOPMENT_TEAM = YSG55235RZ;
				GENERATE_INFOPLIST_FILE = YES;
				IPHONEOS_DEPLOYMENT_TARGET = 18.2;
				MARKETING_VERSION = 1.0;
				PRODUCT_BUNDLE_IDENTIFIER = Santiagocv.DragonBallTests;
				PRODUCT_NAME = "$(TARGET_NAME)";
				SWIFT_EMIT_LOC_STRINGS = NO;
				SWIFT_VERSION = 5.0;
				TARGETED_DEVICE_FAMILY = "1,2";
				TEST_HOST = "$(BUILT_PRODUCTS_DIR)/DragonBall.app/$(BUNDLE_EXECUTABLE_FOLDER_PATH)/DragonBall";
			};
			name = Release;
		};
		2FA7B7892D79FF610008DFCD /* Debug */ = {
			isa = XCBuildConfiguration;
			buildSettings = {
				CODE_SIGN_STYLE = Automatic;
				CURRENT_PROJECT_VERSION = 1;
				DEVELOPMENT_TEAM = YSG55235RZ;
				GENERATE_INFOPLIST_FILE = YES;
				MARKETING_VERSION = 1.0;
				PRODUCT_BUNDLE_IDENTIFIER = Santiagocv.DragonBallUITests;
				PRODUCT_NAME = "$(TARGET_NAME)";
				SWIFT_EMIT_LOC_STRINGS = NO;
				SWIFT_VERSION = 5.0;
				TARGETED_DEVICE_FAMILY = "1,2";
				TEST_TARGET_NAME = DragonBall;
			};
			name = Debug;
		};
		2FA7B78A2D79FF610008DFCD /* Release */ = {
			isa = XCBuildConfiguration;
			buildSettings = {
				CODE_SIGN_STYLE = Automatic;
				CURRENT_PROJECT_VERSION = 1;
				DEVELOPMENT_TEAM = YSG55235RZ;
				GENERATE_INFOPLIST_FILE = YES;
				MARKETING_VERSION = 1.0;
				PRODUCT_BUNDLE_IDENTIFIER = Santiagocv.DragonBallUITests;
				PRODUCT_NAME = "$(TARGET_NAME)";
				SWIFT_EMIT_LOC_STRINGS = NO;
				SWIFT_VERSION = 5.0;
				TARGETED_DEVICE_FAMILY = "1,2";
				TEST_TARGET_NAME = DragonBall;
			};
			name = Release;
		};
/* End XCBuildConfiguration section */

/* Begin XCConfigurationList section */
		2FA7B7522D79FF600008DFCD /* Build configuration list for PBXProject "DragonBall" */ = {
			isa = XCConfigurationList;
			buildConfigurations = (
				2FA7B7832D79FF610008DFCD /* Debug */,
				2FA7B7842D79FF610008DFCD /* Release */,
			);
			defaultConfigurationIsVisible = 0;
			defaultConfigurationName = Release;
		};
		2FA7B7802D79FF610008DFCD /* Build configuration list for PBXNativeTarget "DragonBall" */ = {
			isa = XCConfigurationList;
			buildConfigurations = (
				2FA7B7812D79FF610008DFCD /* Debug */,
				2FA7B7822D79FF610008DFCD /* Release */,
			);
			defaultConfigurationIsVisible = 0;
			defaultConfigurationName = Release;
		};
		2FA7B7852D79FF610008DFCD /* Build configuration list for PBXNativeTarget "DragonBallTests" */ = {
			isa = XCConfigurationList;
			buildConfigurations = (
				2FA7B7862D79FF610008DFCD /* Debug */,
				2FA7B7872D79FF610008DFCD /* Release */,
			);
			defaultConfigurationIsVisible = 0;
			defaultConfigurationName = Release;
		};
		2FA7B7882D79FF610008DFCD /* Build configuration list for PBXNativeTarget "DragonBallUITests" */ = {
			isa = XCConfigurationList;
			buildConfigurations = (
				2FA7B7892D79FF610008DFCD /* Debug */,
				2FA7B78A2D79FF610008DFCD /* Release */,
			);
			defaultConfigurationIsVisible = 0;
			defaultConfigurationName = Release;
		};
/* End XCConfigurationList section */
	};
	rootObject = 2FA7B74F2D79FF600008DFCD /* Project object */;
}
